// !$*UTF8*$!
{
	archiveVersion = 1;
	classes = {
	};
	objectVersion = 51;
	objects = {

/* Begin PBXBuildFile section */
		8569DE3F2491827F00E582E4 /* AppDelegate.swift in Sources */ = {isa = PBXBuildFile; fileRef = 8569DE3E2491827F00E582E4 /* AppDelegate.swift */; };
		8569DE412491827F00E582E4 /* SceneDelegate.swift in Sources */ = {isa = PBXBuildFile; fileRef = 8569DE402491827F00E582E4 /* SceneDelegate.swift */; };
		8569DE432491827F00E582E4 /* LoginViewController.swift in Sources */ = {isa = PBXBuildFile; fileRef = 8569DE422491827F00E582E4 /* LoginViewController.swift */; };
		8569DE462491827F00E582E4 /* LoginViewController.storyboard in Resources */ = {isa = PBXBuildFile; fileRef = 8569DE442491827F00E582E4 /* LoginViewController.storyboard */; };
		8569DE482491828000E582E4 /* Assets.xcassets in Resources */ = {isa = PBXBuildFile; fileRef = 8569DE472491828000E582E4 /* Assets.xcassets */; };
		8569DE4B2491828000E582E4 /* LaunchScreen.storyboard in Resources */ = {isa = PBXBuildFile; fileRef = 8569DE492491828000E582E4 /* LaunchScreen.storyboard */; };
		858A9F7D2492D2970020BF8B /* PeopleTableViewController.swift in Sources */ = {isa = PBXBuildFile; fileRef = 858A9F7C2492D2970020BF8B /* PeopleTableViewController.swift */; };
		858A9F7F2492D2C10020BF8B /* PeopleTableViewController.storyboard in Resources */ = {isa = PBXBuildFile; fileRef = 858A9F7E2492D2C10020BF8B /* PeopleTableViewController.storyboard */; };
		858A9F862492DEB20020BF8B /* PeopleTableViewCell.swift in Sources */ = {isa = PBXBuildFile; fileRef = 858A9F842492DEB20020BF8B /* PeopleTableViewCell.swift */; };
		858A9F872492DEB20020BF8B /* PeopleTableViewCell.xib in Resources */ = {isa = PBXBuildFile; fileRef = 858A9F852492DEB20020BF8B /* PeopleTableViewCell.xib */; };
		858A9F8C24945C050020BF8B /* GoogleService-Info.plist in Resources */ = {isa = PBXBuildFile; fileRef = 858A9F8B24945C050020BF8B /* GoogleService-Info.plist */; };
		858A9F8F249460090020BF8B /* UIStoryboard.swift in Sources */ = {isa = PBXBuildFile; fileRef = 858A9F8E249460090020BF8B /* UIStoryboard.swift */; };
		858A9F922494609C0020BF8B /* Storyboars.swift in Sources */ = {isa = PBXBuildFile; fileRef = 858A9F912494609C0020BF8B /* Storyboars.swift */; };
		858A9F962495469E0020BF8B /* PeopleDIContainer.swift in Sources */ = {isa = PBXBuildFile; fileRef = 858A9F952495469E0020BF8B /* PeopleDIContainer.swift */; };
		858A9F98249548810020BF8B /* People.swift in Sources */ = {isa = PBXBuildFile; fileRef = 858A9F97249548810020BF8B /* People.swift */; };
		858A9F9A249549DF0020BF8B /* PeopleTableViewModel.swift in Sources */ = {isa = PBXBuildFile; fileRef = 858A9F99249549DF0020BF8B /* PeopleTableViewModel.swift */; };
		858A9F9C24954B9D0020BF8B /* UIViewController.swift in Sources */ = {isa = PBXBuildFile; fileRef = 858A9F9B24954B9D0020BF8B /* UIViewController.swift */; };
		858A9FA2249554DA0020BF8B /* LoginUseCase.swift in Sources */ = {isa = PBXBuildFile; fileRef = 858A9FA1249554DA0020BF8B /* LoginUseCase.swift */; };
		858A9FA4249554EF0020BF8B /* PeopleListUseCase.swift in Sources */ = {isa = PBXBuildFile; fileRef = 858A9FA3249554EF0020BF8B /* PeopleListUseCase.swift */; };
		858A9FA6249555390020BF8B /* PeopleListRepository.swift in Sources */ = {isa = PBXBuildFile; fileRef = 858A9FA5249555390020BF8B /* PeopleListRepository.swift */; };
		858A9FAB249556BC0020BF8B /* PeopleAPIResponse.swift in Sources */ = {isa = PBXBuildFile; fileRef = 858A9FAA249556BC0020BF8B /* PeopleAPIResponse.swift */; };
		858A9FAD249556E80020BF8B /* BaseAPIResponse.swift in Sources */ = {isa = PBXBuildFile; fileRef = 858A9FAC249556E80020BF8B /* BaseAPIResponse.swift */; };
		858A9FAF249557FD0020BF8B /* PeopleListRepositoryImpl.swift in Sources */ = {isa = PBXBuildFile; fileRef = 858A9FAE249557FD0020BF8B /* PeopleListRepositoryImpl.swift */; };
		858A9FB3249558BB0020BF8B /* PeopleService.swift in Sources */ = {isa = PBXBuildFile; fileRef = 858A9FB2249558BB0020BF8B /* PeopleService.swift */; };
		858A9FB5249558E50020BF8B /* MoyaService.swift in Sources */ = {isa = PBXBuildFile; fileRef = 858A9FB4249558E50020BF8B /* MoyaService.swift */; };
/* End PBXBuildFile section */

/* Begin PBXFileReference section */
		8569DE3B2491827F00E582E4 /* StarWars.app */ = {isa = PBXFileReference; explicitFileType = wrapper.application; includeInIndex = 0; path = StarWars.app; sourceTree = BUILT_PRODUCTS_DIR; };
		8569DE3E2491827F00E582E4 /* AppDelegate.swift */ = {isa = PBXFileReference; lastKnownFileType = sourcecode.swift; path = AppDelegate.swift; sourceTree = "<group>"; };
		8569DE402491827F00E582E4 /* SceneDelegate.swift */ = {isa = PBXFileReference; lastKnownFileType = sourcecode.swift; path = SceneDelegate.swift; sourceTree = "<group>"; };
		8569DE422491827F00E582E4 /* LoginViewController.swift */ = {isa = PBXFileReference; lastKnownFileType = sourcecode.swift; path = LoginViewController.swift; sourceTree = "<group>"; };
		8569DE452491827F00E582E4 /* Base */ = {isa = PBXFileReference; lastKnownFileType = file.storyboard; name = Base; path = Base.lproj/LoginViewController.storyboard; sourceTree = "<group>"; };
		8569DE472491828000E582E4 /* Assets.xcassets */ = {isa = PBXFileReference; lastKnownFileType = folder.assetcatalog; path = Assets.xcassets; sourceTree = "<group>"; };
		8569DE4A2491828000E582E4 /* Base */ = {isa = PBXFileReference; lastKnownFileType = file.storyboard; name = Base; path = Base.lproj/LaunchScreen.storyboard; sourceTree = "<group>"; };
		8569DE4C2491828000E582E4 /* Info.plist */ = {isa = PBXFileReference; lastKnownFileType = text.plist.xml; path = Info.plist; sourceTree = "<group>"; };
		858A9F7C2492D2970020BF8B /* PeopleTableViewController.swift */ = {isa = PBXFileReference; lastKnownFileType = sourcecode.swift; path = PeopleTableViewController.swift; sourceTree = "<group>"; };
		858A9F7E2492D2C10020BF8B /* PeopleTableViewController.storyboard */ = {isa = PBXFileReference; lastKnownFileType = file.storyboard; path = PeopleTableViewController.storyboard; sourceTree = "<group>"; };
		858A9F842492DEB20020BF8B /* PeopleTableViewCell.swift */ = {isa = PBXFileReference; lastKnownFileType = sourcecode.swift; path = PeopleTableViewCell.swift; sourceTree = "<group>"; };
		858A9F852492DEB20020BF8B /* PeopleTableViewCell.xib */ = {isa = PBXFileReference; lastKnownFileType = file.xib; path = PeopleTableViewCell.xib; sourceTree = "<group>"; };
		858A9F8B24945C050020BF8B /* GoogleService-Info.plist */ = {isa = PBXFileReference; fileEncoding = 4; lastKnownFileType = text.plist.xml; name = "GoogleService-Info.plist"; path = "../../../../../../Downloads/GoogleService-Info.plist"; sourceTree = "<group>"; };
		858A9F8E249460090020BF8B /* UIStoryboard.swift */ = {isa = PBXFileReference; lastKnownFileType = sourcecode.swift; path = UIStoryboard.swift; sourceTree = "<group>"; };
		858A9F912494609C0020BF8B /* Storyboars.swift */ = {isa = PBXFileReference; lastKnownFileType = sourcecode.swift; path = Storyboars.swift; sourceTree = "<group>"; };
		858A9F952495469E0020BF8B /* PeopleDIContainer.swift */ = {isa = PBXFileReference; lastKnownFileType = sourcecode.swift; path = PeopleDIContainer.swift; sourceTree = "<group>"; };
		858A9F97249548810020BF8B /* People.swift */ = {isa = PBXFileReference; lastKnownFileType = sourcecode.swift; path = People.swift; sourceTree = "<group>"; };
		858A9F99249549DF0020BF8B /* PeopleTableViewModel.swift */ = {isa = PBXFileReference; lastKnownFileType = sourcecode.swift; path = PeopleTableViewModel.swift; sourceTree = "<group>"; };
		858A9F9B24954B9D0020BF8B /* UIViewController.swift */ = {isa = PBXFileReference; lastKnownFileType = sourcecode.swift; path = UIViewController.swift; sourceTree = "<group>"; };
		858A9FA1249554DA0020BF8B /* LoginUseCase.swift */ = {isa = PBXFileReference; lastKnownFileType = sourcecode.swift; path = LoginUseCase.swift; sourceTree = "<group>"; };
		858A9FA3249554EF0020BF8B /* PeopleListUseCase.swift */ = {isa = PBXFileReference; lastKnownFileType = sourcecode.swift; path = PeopleListUseCase.swift; sourceTree = "<group>"; };
		858A9FA5249555390020BF8B /* PeopleListRepository.swift */ = {isa = PBXFileReference; lastKnownFileType = sourcecode.swift; path = PeopleListRepository.swift; sourceTree = "<group>"; };
		858A9FAA249556BC0020BF8B /* PeopleAPIResponse.swift */ = {isa = PBXFileReference; lastKnownFileType = sourcecode.swift; path = PeopleAPIResponse.swift; sourceTree = "<group>"; };
		858A9FAC249556E80020BF8B /* BaseAPIResponse.swift */ = {isa = PBXFileReference; lastKnownFileType = sourcecode.swift; path = BaseAPIResponse.swift; sourceTree = "<group>"; };
		858A9FAE249557FD0020BF8B /* PeopleListRepositoryImpl.swift */ = {isa = PBXFileReference; lastKnownFileType = sourcecode.swift; path = PeopleListRepositoryImpl.swift; sourceTree = "<group>"; };
		858A9FB2249558BB0020BF8B /* PeopleService.swift */ = {isa = PBXFileReference; lastKnownFileType = sourcecode.swift; path = PeopleService.swift; sourceTree = "<group>"; };
		858A9FB4249558E50020BF8B /* MoyaService.swift */ = {isa = PBXFileReference; lastKnownFileType = sourcecode.swift; path = MoyaService.swift; sourceTree = "<group>"; };
/* End PBXFileReference section */

/* Begin PBXFrameworksBuildPhase section */
		8569DE382491827F00E582E4 /* Frameworks */ = {
			isa = PBXFrameworksBuildPhase;
			buildActionMask = 2147483647;
			files = (
			);
			runOnlyForDeploymentPostprocessing = 0;
		};
/* End PBXFrameworksBuildPhase section */

/* Begin PBXGroup section */
		8569DE322491827F00E582E4 = {
			isa = PBXGroup;
			children = (
				8569DE3D2491827F00E582E4 /* StarWars */,
				8569DE3C2491827F00E582E4 /* Products */,
				E414913CDDF15A7E29ADC29E /* Pods */,
			);
			sourceTree = "<group>";
		};
		8569DE3C2491827F00E582E4 /* Products */ = {
			isa = PBXGroup;
			children = (
				8569DE3B2491827F00E582E4 /* StarWars.app */,
			);
			name = Products;
			sourceTree = "<group>";
		};
		8569DE3D2491827F00E582E4 /* StarWars */ = {
			isa = PBXGroup;
			children = (
				858A9FB0249558970020BF8B /* Infrastructure */,
				858A9FA72495565C0020BF8B /* Data */,
				858A9F9D249554350020BF8B /* Domain */,
				858A9F932495466F0020BF8B /* Application */,
				858A9F90249460880020BF8B /* Utils */,
				858A9F89249453A40020BF8B /* Presentation */,
				858A9F88249453760020BF8B /* Resources */,
				8569DE4C2491828000E582E4 /* Info.plist */,
			);
			path = StarWars;
			sourceTree = "<group>";
		};
		858A9F802492D2CA0020BF8B /* People */ = {
			isa = PBXGroup;
			children = (
				858A9F7E2492D2C10020BF8B /* PeopleTableViewController.storyboard */,
				858A9F7C2492D2970020BF8B /* PeopleTableViewController.swift */,
				858A9F99249549DF0020BF8B /* PeopleTableViewModel.swift */,
				858A9F8A2494543B0020BF8B /* Cell */,
			);
			path = People;
			sourceTree = "<group>";
		};
		858A9F812492D2D90020BF8B /* Login */ = {
			isa = PBXGroup;
			children = (
				8569DE422491827F00E582E4 /* LoginViewController.swift */,
				8569DE442491827F00E582E4 /* LoginViewController.storyboard */,
			);
			path = Login;
			sourceTree = "<group>";
		};
		858A9F88249453760020BF8B /* Resources */ = {
			isa = PBXGroup;
			children = (
				858A9F8D24945FB50020BF8B /* Extensions */,
				8569DE3E2491827F00E582E4 /* AppDelegate.swift */,
				8569DE402491827F00E582E4 /* SceneDelegate.swift */,
				8569DE472491828000E582E4 /* Assets.xcassets */,
				8569DE492491828000E582E4 /* LaunchScreen.storyboard */,
				858A9F8B24945C050020BF8B /* GoogleService-Info.plist */,
			);
			path = Resources;
			sourceTree = "<group>";
		};
		858A9F89249453A40020BF8B /* Presentation */ = {
			isa = PBXGroup;
			children = (
				858A9F812492D2D90020BF8B /* Login */,
				858A9F802492D2CA0020BF8B /* People */,
			);
			path = Presentation;
			sourceTree = "<group>";
		};
		858A9F8A2494543B0020BF8B /* Cell */ = {
			isa = PBXGroup;
			children = (
				858A9F852492DEB20020BF8B /* PeopleTableViewCell.xib */,
				858A9F842492DEB20020BF8B /* PeopleTableViewCell.swift */,
			);
			path = Cell;
			sourceTree = "<group>";
		};
		858A9F8D24945FB50020BF8B /* Extensions */ = {
			isa = PBXGroup;
			children = (
				858A9F8E249460090020BF8B /* UIStoryboard.swift */,
				858A9F9B24954B9D0020BF8B /* UIViewController.swift */,
			);
			path = Extensions;
			sourceTree = "<group>";
		};
		858A9F90249460880020BF8B /* Utils */ = {
			isa = PBXGroup;
			children = (
				858A9F912494609C0020BF8B /* Storyboars.swift */,
			);
			path = Utils;
			sourceTree = "<group>";
		};
		858A9F932495466F0020BF8B /* Application */ = {
			isa = PBXGroup;
			children = (
				858A9F942495467C0020BF8B /* Scenes */,
			);
			path = Application;
			sourceTree = "<group>";
		};
		858A9F942495467C0020BF8B /* Scenes */ = {
			isa = PBXGroup;
			children = (
				858A9F952495469E0020BF8B /* PeopleDIContainer.swift */,
			);
			path = Scenes;
			sourceTree = "<group>";
		};
		858A9F9D249554350020BF8B /* Domain */ = {
			isa = PBXGroup;
			children = (
				858A9FA0249554570020BF8B /* Repositories */,
				858A9F9F249554500020BF8B /* UseCase */,
				858A9F9E249554460020BF8B /* Entities */,
			);
			path = Domain;
			sourceTree = "<group>";
		};
		858A9F9E249554460020BF8B /* Entities */ = {
			isa = PBXGroup;
			children = (
				858A9F97249548810020BF8B /* People.swift */,
			);
			path = Entities;
			sourceTree = "<group>";
		};
		858A9F9F249554500020BF8B /* UseCase */ = {
			isa = PBXGroup;
			children = (
				858A9FA1249554DA0020BF8B /* LoginUseCase.swift */,
				858A9FA3249554EF0020BF8B /* PeopleListUseCase.swift */,
			);
			path = UseCase;
			sourceTree = "<group>";
		};
		858A9FA0249554570020BF8B /* Repositories */ = {
			isa = PBXGroup;
			children = (
				858A9FA5249555390020BF8B /* PeopleListRepository.swift */,
			);
			path = Repositories;
			sourceTree = "<group>";
		};
		858A9FA72495565C0020BF8B /* Data */ = {
			isa = PBXGroup;
			children = (
				858A9FA9249556850020BF8B /* RepositoryImpl */,
				858A9FA8249556770020BF8B /* RemoteStorage */,
			);
			path = Data;
			sourceTree = "<group>";
		};
		858A9FA8249556770020BF8B /* RemoteStorage */ = {
			isa = PBXGroup;
			children = (
				858A9FAA249556BC0020BF8B /* PeopleAPIResponse.swift */,
				858A9FAC249556E80020BF8B /* BaseAPIResponse.swift */,
			);
			path = RemoteStorage;
			sourceTree = "<group>";
		};
		858A9FA9249556850020BF8B /* RepositoryImpl */ = {
			isa = PBXGroup;
			children = (
				858A9FAE249557FD0020BF8B /* PeopleListRepositoryImpl.swift */,
			);
			path = RepositoryImpl;
			sourceTree = "<group>";
		};
		858A9FB0249558970020BF8B /* Infrastructure */ = {
			isa = PBXGroup;
			children = (
				858A9FB1249558A90020BF8B /* Services */,
			);
			path = Infrastructure;
			sourceTree = "<group>";
		};
		858A9FB1249558A90020BF8B /* Services */ = {
			isa = PBXGroup;
			children = (
				858A9FB2249558BB0020BF8B /* PeopleService.swift */,
				858A9FB4249558E50020BF8B /* MoyaService.swift */,
			);
			path = Services;
			sourceTree = "<group>";
		};
		E414913CDDF15A7E29ADC29E /* Pods */ = {
			isa = PBXGroup;
			children = (
			);
			path = Pods;
			sourceTree = "<group>";
		};
/* End PBXGroup section */

/* Begin PBXNativeTarget section */
		8569DE3A2491827F00E582E4 /* StarWars */ = {
			isa = PBXNativeTarget;
			buildConfigurationList = 8569DE4F2491828000E582E4 /* Build configuration list for PBXNativeTarget "StarWars" */;
			buildPhases = (
				8569DE372491827F00E582E4 /* Sources */,
				8569DE382491827F00E582E4 /* Frameworks */,
				8569DE392491827F00E582E4 /* Resources */,
			);
			buildRules = (
			);
			dependencies = (
			);
			name = StarWars;
			productName = StarWars;
			productReference = 8569DE3B2491827F00E582E4 /* StarWars.app */;
			productType = "com.apple.product-type.application";
		};
/* End PBXNativeTarget section */

/* Begin PBXProject section */
		8569DE332491827F00E582E4 /* Project object */ = {
			isa = PBXProject;
			attributes = {
				LastSwiftUpdateCheck = 1150;
				LastUpgradeCheck = 1150;
				ORGANIZATIONNAME = "Bárbara Barone - BBA";
				TargetAttributes = {
					8569DE3A2491827F00E582E4 = {
						CreatedOnToolsVersion = 11.5;
					};
				};
			};
			buildConfigurationList = 8569DE362491827F00E582E4 /* Build configuration list for PBXProject "StarWars" */;
			compatibilityVersion = "Xcode 9.3";
			developmentRegion = en;
			hasScannedForEncodings = 0;
			knownRegions = (
				en,
				Base,
			);
			mainGroup = 8569DE322491827F00E582E4;
			productRefGroup = 8569DE3C2491827F00E582E4 /* Products */;
			projectDirPath = "";
			projectRoot = "";
			targets = (
				8569DE3A2491827F00E582E4 /* StarWars */,
			);
		};
/* End PBXProject section */

/* Begin PBXResourcesBuildPhase section */
		8569DE392491827F00E582E4 /* Resources */ = {
			isa = PBXResourcesBuildPhase;
			buildActionMask = 2147483647;
			files = (
				858A9F7F2492D2C10020BF8B /* PeopleTableViewController.storyboard in Resources */,
				858A9F872492DEB20020BF8B /* PeopleTableViewCell.xib in Resources */,
				8569DE4B2491828000E582E4 /* LaunchScreen.storyboard in Resources */,
				8569DE482491828000E582E4 /* Assets.xcassets in Resources */,
				8569DE462491827F00E582E4 /* LoginViewController.storyboard in Resources */,
				858A9F8C24945C050020BF8B /* GoogleService-Info.plist in Resources */,
			);
			runOnlyForDeploymentPostprocessing = 0;
		};
/* End PBXResourcesBuildPhase section */

/* Begin PBXSourcesBuildPhase section */
		8569DE372491827F00E582E4 /* Sources */ = {
			isa = PBXSourcesBuildPhase;
			buildActionMask = 2147483647;
			files = (
				858A9FA6249555390020BF8B /* PeopleListRepository.swift in Sources */,
				858A9F922494609C0020BF8B /* Storyboars.swift in Sources */,
				858A9F8F249460090020BF8B /* UIStoryboard.swift in Sources */,
				858A9F862492DEB20020BF8B /* PeopleTableViewCell.swift in Sources */,
				858A9FAD249556E80020BF8B /* BaseAPIResponse.swift in Sources */,
				858A9F9C24954B9D0020BF8B /* UIViewController.swift in Sources */,
				858A9FAB249556BC0020BF8B /* PeopleAPIResponse.swift in Sources */,
				8569DE432491827F00E582E4 /* LoginViewController.swift in Sources */,
				858A9FB3249558BB0020BF8B /* PeopleService.swift in Sources */,
				858A9F9A249549DF0020BF8B /* PeopleTableViewModel.swift in Sources */,
				858A9FAF249557FD0020BF8B /* PeopleListRepositoryImpl.swift in Sources */,
				858A9F98249548810020BF8B /* People.swift in Sources */,
				8569DE3F2491827F00E582E4 /* AppDelegate.swift in Sources */,
				8569DE412491827F00E582E4 /* SceneDelegate.swift in Sources */,
				858A9F7D2492D2970020BF8B /* PeopleTableViewController.swift in Sources */,
				858A9FA4249554EF0020BF8B /* PeopleListUseCase.swift in Sources */,
				858A9F962495469E0020BF8B /* PeopleDIContainer.swift in Sources */,
				858A9FA2249554DA0020BF8B /* LoginUseCase.swift in Sources */,
				858A9FB5249558E50020BF8B /* MoyaService.swift in Sources */,
			);
			runOnlyForDeploymentPostprocessing = 0;
		};
/* End PBXSourcesBuildPhase section */

/* Begin PBXVariantGroup section */
		8569DE442491827F00E582E4 /* LoginViewController.storyboard */ = {
			isa = PBXVariantGroup;
			children = (
				8569DE452491827F00E582E4 /* Base */,
			);
			name = LoginViewController.storyboard;
			sourceTree = "<group>";
		};
		8569DE492491828000E582E4 /* LaunchScreen.storyboard */ = {
			isa = PBXVariantGroup;
			children = (
				8569DE4A2491828000E582E4 /* Base */,
			);
			name = LaunchScreen.storyboard;
			sourceTree = "<group>";
		};
/* End PBXVariantGroup section */

/* Begin XCBuildConfiguration section */
		8569DE4D2491828000E582E4 /* Debug */ = {
			isa = XCBuildConfiguration;
			buildSettings = {
				ALWAYS_SEARCH_USER_PATHS = NO;
				CLANG_ANALYZER_NONNULL = YES;
				CLANG_ANALYZER_NUMBER_OBJECT_CONVERSION = YES_AGGRESSIVE;
				CLANG_CXX_LANGUAGE_STANDARD = "gnu++14";
				CLANG_CXX_LIBRARY = "libc++";
				CLANG_ENABLE_MODULES = YES;
				CLANG_ENABLE_OBJC_ARC = YES;
				CLANG_ENABLE_OBJC_WEAK = YES;
				CLANG_WARN_BLOCK_CAPTURE_AUTORELEASING = YES;
				CLANG_WARN_BOOL_CONVERSION = YES;
				CLANG_WARN_COMMA = YES;
				CLANG_WARN_CONSTANT_CONVERSION = YES;
				CLANG_WARN_DEPRECATED_OBJC_IMPLEMENTATIONS = YES;
				CLANG_WARN_DIRECT_OBJC_ISA_USAGE = YES_ERROR;
				CLANG_WARN_DOCUMENTATION_COMMENTS = YES;
				CLANG_WARN_EMPTY_BODY = YES;
				CLANG_WARN_ENUM_CONVERSION = YES;
				CLANG_WARN_INFINITE_RECURSION = YES;
				CLANG_WARN_INT_CONVERSION = YES;
				CLANG_WARN_NON_LITERAL_NULL_CONVERSION = YES;
				CLANG_WARN_OBJC_IMPLICIT_RETAIN_SELF = YES;
				CLANG_WARN_OBJC_LITERAL_CONVERSION = YES;
				CLANG_WARN_OBJC_ROOT_CLASS = YES_ERROR;
				CLANG_WARN_RANGE_LOOP_ANALYSIS = YES;
				CLANG_WARN_STRICT_PROTOTYPES = YES;
				CLANG_WARN_SUSPICIOUS_MOVE = YES;
				CLANG_WARN_UNGUARDED_AVAILABILITY = YES_AGGRESSIVE;
				CLANG_WARN_UNREACHABLE_CODE = YES;
				CLANG_WARN__DUPLICATE_METHOD_MATCH = YES;
				COPY_PHASE_STRIP = NO;
				DEBUG_INFORMATION_FORMAT = dwarf;
				ENABLE_STRICT_OBJC_MSGSEND = YES;
				ENABLE_TESTABILITY = YES;
				GCC_C_LANGUAGE_STANDARD = gnu11;
				GCC_DYNAMIC_NO_PIC = NO;
				GCC_NO_COMMON_BLOCKS = YES;
				GCC_OPTIMIZATION_LEVEL = 0;
				GCC_PREPROCESSOR_DEFINITIONS = (
					"DEBUG=1",
					"$(inherited)",
				);
				GCC_WARN_64_TO_32_BIT_CONVERSION = YES;
				GCC_WARN_ABOUT_RETURN_TYPE = YES_ERROR;
				GCC_WARN_UNDECLARED_SELECTOR = YES;
				GCC_WARN_UNINITIALIZED_AUTOS = YES_AGGRESSIVE;
				GCC_WARN_UNUSED_FUNCTION = YES;
				GCC_WARN_UNUSED_VARIABLE = YES;
				IPHONEOS_DEPLOYMENT_TARGET = 13.5;
				MTL_ENABLE_DEBUG_INFO = INCLUDE_SOURCE;
				MTL_FAST_MATH = YES;
				ONLY_ACTIVE_ARCH = YES;
				SDKROOT = iphoneos;
				SWIFT_ACTIVE_COMPILATION_CONDITIONS = DEBUG;
				SWIFT_OPTIMIZATION_LEVEL = "-Onone";
			};
			name = Debug;
		};
		8569DE4E2491828000E582E4 /* Release */ = {
			isa = XCBuildConfiguration;
			buildSettings = {
				ALWAYS_SEARCH_USER_PATHS = NO;
				CLANG_ANALYZER_NONNULL = YES;
				CLANG_ANALYZER_NUMBER_OBJECT_CONVERSION = YES_AGGRESSIVE;
				CLANG_CXX_LANGUAGE_STANDARD = "gnu++14";
				CLANG_CXX_LIBRARY = "libc++";
				CLANG_ENABLE_MODULES = YES;
				CLANG_ENABLE_OBJC_ARC = YES;
				CLANG_ENABLE_OBJC_WEAK = YES;
				CLANG_WARN_BLOCK_CAPTURE_AUTORELEASING = YES;
				CLANG_WARN_BOOL_CONVERSION = YES;
				CLANG_WARN_COMMA = YES;
				CLANG_WARN_CONSTANT_CONVERSION = YES;
				CLANG_WARN_DEPRECATED_OBJC_IMPLEMENTATIONS = YES;
				CLANG_WARN_DIRECT_OBJC_ISA_USAGE = YES_ERROR;
				CLANG_WARN_DOCUMENTATION_COMMENTS = YES;
				CLANG_WARN_EMPTY_BODY = YES;
				CLANG_WARN_ENUM_CONVERSION = YES;
				CLANG_WARN_INFINITE_RECURSION = YES;
				CLANG_WARN_INT_CONVERSION = YES;
				CLANG_WARN_NON_LITERAL_NULL_CONVERSION = YES;
				CLANG_WARN_OBJC_IMPLICIT_RETAIN_SELF = YES;
				CLANG_WARN_OBJC_LITERAL_CONVERSION = YES;
				CLANG_WARN_OBJC_ROOT_CLASS = YES_ERROR;
				CLANG_WARN_RANGE_LOOP_ANALYSIS = YES;
				CLANG_WARN_STRICT_PROTOTYPES = YES;
				CLANG_WARN_SUSPICIOUS_MOVE = YES;
				CLANG_WARN_UNGUARDED_AVAILABILITY = YES_AGGRESSIVE;
				CLANG_WARN_UNREACHABLE_CODE = YES;
				CLANG_WARN__DUPLICATE_METHOD_MATCH = YES;
				COPY_PHASE_STRIP = NO;
				DEBUG_INFORMATION_FORMAT = "dwarf-with-dsym";
				ENABLE_NS_ASSERTIONS = NO;
				ENABLE_STRICT_OBJC_MSGSEND = YES;
				GCC_C_LANGUAGE_STANDARD = gnu11;
				GCC_NO_COMMON_BLOCKS = YES;
				GCC_WARN_64_TO_32_BIT_CONVERSION = YES;
				GCC_WARN_ABOUT_RETURN_TYPE = YES_ERROR;
				GCC_WARN_UNDECLARED_SELECTOR = YES;
				GCC_WARN_UNINITIALIZED_AUTOS = YES_AGGRESSIVE;
				GCC_WARN_UNUSED_FUNCTION = YES;
				GCC_WARN_UNUSED_VARIABLE = YES;
				IPHONEOS_DEPLOYMENT_TARGET = 13.5;
				MTL_ENABLE_DEBUG_INFO = NO;
				MTL_FAST_MATH = YES;
				SDKROOT = iphoneos;
				SWIFT_COMPILATION_MODE = wholemodule;
				SWIFT_OPTIMIZATION_LEVEL = "-O";
				VALIDATE_PRODUCT = YES;
			};
			name = Release;
		};
		8569DE502491828000E582E4 /* Debug */ = {
			isa = XCBuildConfiguration;
			buildSettings = {
				ASSETCATALOG_COMPILER_APPICON_NAME = AppIcon;
				CODE_SIGN_STYLE = Automatic;
				DEVELOPMENT_TEAM = 7787NMD5MX;
				INFOPLIST_FILE = StarWars/Info.plist;
				LD_RUNPATH_SEARCH_PATHS = (
					"$(inherited)",
					"@executable_path/Frameworks",
				);
				PRODUCT_BUNDLE_IDENTIFIER = baronebarbara.StarWars;
				PRODUCT_NAME = "$(TARGET_NAME)";
				SWIFT_VERSION = 5.0;
				TARGETED_DEVICE_FAMILY = "1,2";
			};
			name = Debug;
		};
		8569DE512491828000E582E4 /* Release */ = {
			isa = XCBuildConfiguration;
			buildSettings = {
				ASSETCATALOG_COMPILER_APPICON_NAME = AppIcon;
				CODE_SIGN_STYLE = Automatic;
				DEVELOPMENT_TEAM = 7787NMD5MX;
				INFOPLIST_FILE = StarWars/Info.plist;
				LD_RUNPATH_SEARCH_PATHS = (
					"$(inherited)",
					"@executable_path/Frameworks",
				);
				PRODUCT_BUNDLE_IDENTIFIER = baronebarbara.StarWars;
				PRODUCT_NAME = "$(TARGET_NAME)";
				SWIFT_VERSION = 5.0;
				TARGETED_DEVICE_FAMILY = "1,2";
			};
			name = Release;
		};
/* End XCBuildConfiguration section */

/* Begin XCConfigurationList section */
		8569DE362491827F00E582E4 /* Build configuration list for PBXProject "StarWars" */ = {
			isa = XCConfigurationList;
			buildConfigurations = (
				8569DE4D2491828000E582E4 /* Debug */,
				8569DE4E2491828000E582E4 /* Release */,
			);
			defaultConfigurationIsVisible = 0;
			defaultConfigurationName = Release;
		};
		8569DE4F2491828000E582E4 /* Build configuration list for PBXNativeTarget "StarWars" */ = {
			isa = XCConfigurationList;
			buildConfigurations = (
				8569DE502491828000E582E4 /* Debug */,
				8569DE512491828000E582E4 /* Release */,
			);
			defaultConfigurationIsVisible = 0;
			defaultConfigurationName = Release;
		};
/* End XCConfigurationList section */
	};
	rootObject = 8569DE332491827F00E582E4 /* Project object */;
}
