// !$*UTF8*$!
{
	archiveVersion = 1;
	classes = {
	};
	objectVersion = 50;
	objects = {

/* Begin PBXBuildFile section */
		8569DE3F2491827F00E582E4 /* AppDelegate.swift in Sources */ = {isa = PBXBuildFile; fileRef = 8569DE3E2491827F00E582E4 /* AppDelegate.swift */; };
		8569DE412491827F00E582E4 /* SceneDelegate.swift in Sources */ = {isa = PBXBuildFile; fileRef = 8569DE402491827F00E582E4 /* SceneDelegate.swift */; };
		8569DE432491827F00E582E4 /* LoginViewController.swift in Sources */ = {isa = PBXBuildFile; fileRef = 8569DE422491827F00E582E4 /* LoginViewController.swift */; };
		8569DE462491827F00E582E4 /* LoginViewController.storyboard in Resources */ = {isa = PBXBuildFile; fileRef = 8569DE442491827F00E582E4 /* LoginViewController.storyboard */; };
		8569DE482491828000E582E4 /* Assets.xcassets in Resources */ = {isa = PBXBuildFile; fileRef = 8569DE472491828000E582E4 /* Assets.xcassets */; };
		8569DE4B2491828000E582E4 /* LaunchScreen.storyboard in Resources */ = {isa = PBXBuildFile; fileRef = 8569DE492491828000E582E4 /* LaunchScreen.storyboard */; };
		858A9F7D2492D2970020BF8B /* PeopleTableViewController.swift in Sources */ = {isa = PBXBuildFile; fileRef = 858A9F7C2492D2970020BF8B /* PeopleTableViewController.swift */; };
		858A9F7F2492D2C10020BF8B /* PeopleTableViewController.storyboard in Resources */ = {isa = PBXBuildFile; fileRef = 858A9F7E2492D2C10020BF8B /* PeopleTableViewController.storyboard */; };
		858A9F862492DEB20020BF8B /* PeopleTableViewCell.swift in Sources */ = {isa = PBXBuildFile; fileRef = 858A9F842492DEB20020BF8B /* PeopleTableViewCell.swift */; };
		858A9F872492DEB20020BF8B /* PeopleTableViewCell.xib in Resources */ = {isa = PBXBuildFile; fileRef = 858A9F852492DEB20020BF8B /* PeopleTableViewCell.xib */; };
		B4121AF0BA60BAE2FD31B098 /* Pods_StarWars.framework in Frameworks */ = {isa = PBXBuildFile; fileRef = A1188F215C8A3D49E4763987 /* Pods_StarWars.framework */; };
/* End PBXBuildFile section */

/* Begin PBXFileReference section */
		05285655768B4CF682CA8FEE /* Pods-StarWars.release.xcconfig */ = {isa = PBXFileReference; includeInIndex = 1; lastKnownFileType = text.xcconfig; name = "Pods-StarWars.release.xcconfig"; path = "Target Support Files/Pods-StarWars/Pods-StarWars.release.xcconfig"; sourceTree = "<group>"; };
		1F017F8E237F0A6BE8600DBF /* Pods-StarWars.debug.xcconfig */ = {isa = PBXFileReference; includeInIndex = 1; lastKnownFileType = text.xcconfig; name = "Pods-StarWars.debug.xcconfig"; path = "Target Support Files/Pods-StarWars/Pods-StarWars.debug.xcconfig"; sourceTree = "<group>"; };
		8569DE3B2491827F00E582E4 /* StarWars.app */ = {isa = PBXFileReference; explicitFileType = wrapper.application; includeInIndex = 0; path = StarWars.app; sourceTree = BUILT_PRODUCTS_DIR; };
		8569DE3E2491827F00E582E4 /* AppDelegate.swift */ = {isa = PBXFileReference; lastKnownFileType = sourcecode.swift; path = AppDelegate.swift; sourceTree = "<group>"; };
		8569DE402491827F00E582E4 /* SceneDelegate.swift */ = {isa = PBXFileReference; lastKnownFileType = sourcecode.swift; path = SceneDelegate.swift; sourceTree = "<group>"; };
		8569DE422491827F00E582E4 /* LoginViewController.swift */ = {isa = PBXFileReference; lastKnownFileType = sourcecode.swift; path = LoginViewController.swift; sourceTree = "<group>"; };
		8569DE452491827F00E582E4 /* Base */ = {isa = PBXFileReference; lastKnownFileType = file.storyboard; name = Base; path = Base.lproj/LoginViewController.storyboard; sourceTree = "<group>"; };
		8569DE472491828000E582E4 /* Assets.xcassets */ = {isa = PBXFileReference; lastKnownFileType = folder.assetcatalog; path = Assets.xcassets; sourceTree = "<group>"; };
		8569DE4A2491828000E582E4 /* Base */ = {isa = PBXFileReference; lastKnownFileType = file.storyboard; name = Base; path = Base.lproj/LaunchScreen.storyboard; sourceTree = "<group>"; };
		8569DE4C2491828000E582E4 /* Info.plist */ = {isa = PBXFileReference; lastKnownFileType = text.plist.xml; path = Info.plist; sourceTree = "<group>"; };
		858A9F7C2492D2970020BF8B /* PeopleTableViewController.swift */ = {isa = PBXFileReference; lastKnownFileType = sourcecode.swift; path = PeopleTableViewController.swift; sourceTree = "<group>"; };
		858A9F7E2492D2C10020BF8B /* PeopleTableViewController.storyboard */ = {isa = PBXFileReference; lastKnownFileType = file.storyboard; path = PeopleTableViewController.storyboard; sourceTree = "<group>"; };
		858A9F842492DEB20020BF8B /* PeopleTableViewCell.swift */ = {isa = PBXFileReference; lastKnownFileType = sourcecode.swift; path = PeopleTableViewCell.swift; sourceTree = "<group>"; };
		858A9F852492DEB20020BF8B /* PeopleTableViewCell.xib */ = {isa = PBXFileReference; lastKnownFileType = file.xib; path = PeopleTableViewCell.xib; sourceTree = "<group>"; };
		A1188F215C8A3D49E4763987 /* Pods_StarWars.framework */ = {isa = PBXFileReference; explicitFileType = wrapper.framework; includeInIndex = 0; path = Pods_StarWars.framework; sourceTree = BUILT_PRODUCTS_DIR; };
/* End PBXFileReference section */

/* Begin PBXFrameworksBuildPhase section */
		8569DE382491827F00E582E4 /* Frameworks */ = {
			isa = PBXFrameworksBuildPhase;
			buildActionMask = 2147483647;
			files = (
				B4121AF0BA60BAE2FD31B098 /* Pods_StarWars.framework in Frameworks */,
			);
			runOnlyForDeploymentPostprocessing = 0;
		};
/* End PBXFrameworksBuildPhase section */

/* Begin PBXGroup section */
		0628C359AFEF59A9052B1EF0 /* Frameworks */ = {
			isa = PBXGroup;
			children = (
				A1188F215C8A3D49E4763987 /* Pods_StarWars.framework */,
			);
			name = Frameworks;
			sourceTree = "<group>";
		};
		8569DE322491827F00E582E4 = {
			isa = PBXGroup;
			children = (
				8569DE3D2491827F00E582E4 /* StarWars */,
				8569DE3C2491827F00E582E4 /* Products */,
				E414913CDDF15A7E29ADC29E /* Pods */,
				0628C359AFEF59A9052B1EF0 /* Frameworks */,
			);
			sourceTree = "<group>";
		};
		8569DE3C2491827F00E582E4 /* Products */ = {
			isa = PBXGroup;
			children = (
				8569DE3B2491827F00E582E4 /* StarWars.app */,
			);
			name = Products;
			sourceTree = "<group>";
		};
		8569DE3D2491827F00E582E4 /* StarWars */ = {
			isa = PBXGroup;
			children = (
				858A9F89249453A40020BF8B /* Presentation */,
				858A9F88249453760020BF8B /* Resources */,
				8569DE4C2491828000E582E4 /* Info.plist */,
			);
			path = StarWars;
			sourceTree = "<group>";
		};
		858A9F802492D2CA0020BF8B /* People */ = {
			isa = PBXGroup;
			children = (
				858A9F7E2492D2C10020BF8B /* PeopleTableViewController.storyboard */,
				858A9F7C2492D2970020BF8B /* PeopleTableViewController.swift */,
				858A9F8A2494543B0020BF8B /* Cell */,
			);
			path = People;
			sourceTree = "<group>";
		};
		858A9F812492D2D90020BF8B /* Login */ = {
			isa = PBXGroup;
			children = (
				8569DE422491827F00E582E4 /* LoginViewController.swift */,
				8569DE442491827F00E582E4 /* LoginViewController.storyboard */,
			);
			path = Login;
			sourceTree = "<group>";
		};
		858A9F88249453760020BF8B /* Resources */ = {
			isa = PBXGroup;
			children = (
				8569DE3E2491827F00E582E4 /* AppDelegate.swift */,
				8569DE402491827F00E582E4 /* SceneDelegate.swift */,
				8569DE472491828000E582E4 /* Assets.xcassets */,
				8569DE492491828000E582E4 /* LaunchScreen.storyboard */,
			);
			path = Resources;
			sourceTree = "<group>";
		};
		858A9F89249453A40020BF8B /* Presentation */ = {
			isa = PBXGroup;
			children = (
				858A9F812492D2D90020BF8B /* Login */,
				858A9F802492D2CA0020BF8B /* People */,
			);
			path = Presentation;
			sourceTree = "<group>";
		};
		858A9F8A2494543B0020BF8B /* Cell */ = {
			isa = PBXGroup;
			children = (
				858A9F852492DEB20020BF8B /* PeopleTableViewCell.xib */,
				858A9F842492DEB20020BF8B /* PeopleTableViewCell.swift */,
			);
			path = Cell;
			sourceTree = "<group>";
		};
		E414913CDDF15A7E29ADC29E /* Pods */ = {
			isa = PBXGroup;
			children = (
				1F017F8E237F0A6BE8600DBF /* Pods-StarWars.debug.xcconfig */,
				05285655768B4CF682CA8FEE /* Pods-StarWars.release.xcconfig */,
			);
			name = Pods;
			path = Pods;
			sourceTree = "<group>";
		};
/* End PBXGroup section */

/* Begin PBXNativeTarget section */
		8569DE3A2491827F00E582E4 /* StarWars */ = {
			isa = PBXNativeTarget;
			buildConfigurationList = 8569DE4F2491828000E582E4 /* Build configuration list for PBXNativeTarget "StarWars" */;
			buildPhases = (
				7FD3307125A0A21C89B0531A /* [CP] Check Pods Manifest.lock */,
				8569DE372491827F00E582E4 /* Sources */,
				8569DE382491827F00E582E4 /* Frameworks */,
				8569DE392491827F00E582E4 /* Resources */,
				F9A17E966483B5FC57D2CC3F /* [CP] Embed Pods Frameworks */,
			);
			buildRules = (
			);
			dependencies = (
			);
			name = StarWars;
			productName = StarWars;
			productReference = 8569DE3B2491827F00E582E4 /* StarWars.app */;
			productType = "com.apple.product-type.application";
		};
/* End PBXNativeTarget section */

/* Begin PBXProject section */
		8569DE332491827F00E582E4 /* Project object */ = {
			isa = PBXProject;
			attributes = {
				LastSwiftUpdateCheck = 1150;
				LastUpgradeCheck = 1150;
				ORGANIZATIONNAME = "Bárbara Barone - BBA";
				TargetAttributes = {
					8569DE3A2491827F00E582E4 = {
						CreatedOnToolsVersion = 11.5;
					};
				};
			};
			buildConfigurationList = 8569DE362491827F00E582E4 /* Build configuration list for PBXProject "StarWars" */;
			compatibilityVersion = "Xcode 9.3";
			developmentRegion = en;
			hasScannedForEncodings = 0;
			knownRegions = (
				en,
				Base,
			);
			mainGroup = 8569DE322491827F00E582E4;
			productRefGroup = 8569DE3C2491827F00E582E4 /* Products */;
			projectDirPath = "";
			projectRoot = "";
			targets = (
				8569DE3A2491827F00E582E4 /* StarWars */,
			);
		};
/* End PBXProject section */

/* Begin PBXResourcesBuildPhase section */
		8569DE392491827F00E582E4 /* Resources */ = {
			isa = PBXResourcesBuildPhase;
			buildActionMask = 2147483647;
			files = (
				858A9F7F2492D2C10020BF8B /* PeopleTableViewController.storyboard in Resources */,
				858A9F872492DEB20020BF8B /* PeopleTableViewCell.xib in Resources */,
				8569DE4B2491828000E582E4 /* LaunchScreen.storyboard in Resources */,
				8569DE482491828000E582E4 /* Assets.xcassets in Resources */,
				8569DE462491827F00E582E4 /* LoginViewController.storyboard in Resources */,
			);
			runOnlyForDeploymentPostprocessing = 0;
		};
/* End PBXResourcesBuildPhase section */

/* Begin PBXShellScriptBuildPhase section */
		7FD3307125A0A21C89B0531A /* [CP] Check Pods Manifest.lock */ = {
			isa = PBXShellScriptBuildPhase;
			buildActionMask = 2147483647;
			files = (
			);
			inputFileListPaths = (
			);
			inputPaths = (
				"${PODS_PODFILE_DIR_PATH}/Podfile.lock",
				"${PODS_ROOT}/Manifest.lock",
			);
			name = "[CP] Check Pods Manifest.lock";
			outputFileListPaths = (
			);
			outputPaths = (
				"$(DERIVED_FILE_DIR)/Pods-StarWars-checkManifestLockResult.txt",
			);
			runOnlyForDeploymentPostprocessing = 0;
			shellPath = /bin/sh;
			shellScript = "diff \"${PODS_PODFILE_DIR_PATH}/Podfile.lock\" \"${PODS_ROOT}/Manifest.lock\" > /dev/null\nif [ $? != 0 ] ; then\n    # print error to STDERR\n    echo \"error: The sandbox is not in sync with the Podfile.lock. Run 'pod install' or update your CocoaPods installation.\" >&2\n    exit 1\nfi\n# This output is used by Xcode 'outputs' to avoid re-running this script phase.\necho \"SUCCESS\" > \"${SCRIPT_OUTPUT_FILE_0}\"\n";
			showEnvVarsInLog = 0;
		};
		F9A17E966483B5FC57D2CC3F /* [CP] Embed Pods Frameworks */ = {
			isa = PBXShellScriptBuildPhase;
			buildActionMask = 2147483647;
			files = (
			);
			inputFileListPaths = (
				"${PODS_ROOT}/Target Support Files/Pods-StarWars/Pods-StarWars-frameworks-${CONFIGURATION}-input-files.xcfilelist",
			);
			name = "[CP] Embed Pods Frameworks";
			outputFileListPaths = (
				"${PODS_ROOT}/Target Support Files/Pods-StarWars/Pods-StarWars-frameworks-${CONFIGURATION}-output-files.xcfilelist",
			);
			runOnlyForDeploymentPostprocessing = 0;
			shellPath = /bin/sh;
			shellScript = "\"${PODS_ROOT}/Target Support Files/Pods-StarWars/Pods-StarWars-frameworks.sh\"\n";
			showEnvVarsInLog = 0;
		};
/* End PBXShellScriptBuildPhase section */

/* Begin PBXSourcesBuildPhase section */
		8569DE372491827F00E582E4 /* Sources */ = {
			isa = PBXSourcesBuildPhase;
			buildActionMask = 2147483647;
			files = (
				858A9F862492DEB20020BF8B /* PeopleTableViewCell.swift in Sources */,
				8569DE432491827F00E582E4 /* LoginViewController.swift in Sources */,
				8569DE3F2491827F00E582E4 /* AppDelegate.swift in Sources */,
				8569DE412491827F00E582E4 /* SceneDelegate.swift in Sources */,
				858A9F7D2492D2970020BF8B /* PeopleTableViewController.swift in Sources */,
			);
			runOnlyForDeploymentPostprocessing = 0;
		};
/* End PBXSourcesBuildPhase section */

/* Begin PBXVariantGroup section */
		8569DE442491827F00E582E4 /* LoginViewController.storyboard */ = {
			isa = PBXVariantGroup;
			children = (
				8569DE452491827F00E582E4 /* Base */,
			);
			name = LoginViewController.storyboard;
			sourceTree = "<group>";
		};
		8569DE492491828000E582E4 /* LaunchScreen.storyboard */ = {
			isa = PBXVariantGroup;
			children = (
				8569DE4A2491828000E582E4 /* Base */,
			);
			name = LaunchScreen.storyboard;
			sourceTree = "<group>";
		};
/* End PBXVariantGroup section */

/* Begin XCBuildConfiguration section */
		8569DE4D2491828000E582E4 /* Debug */ = {
			isa = XCBuildConfiguration;
			buildSettings = {
				ALWAYS_SEARCH_USER_PATHS = NO;
				CLANG_ANALYZER_NONNULL = YES;
				CLANG_ANALYZER_NUMBER_OBJECT_CONVERSION = YES_AGGRESSIVE;
				CLANG_CXX_LANGUAGE_STANDARD = "gnu++14";
				CLANG_CXX_LIBRARY = "libc++";
				CLANG_ENABLE_MODULES = YES;
				CLANG_ENABLE_OBJC_ARC = YES;
				CLANG_ENABLE_OBJC_WEAK = YES;
				CLANG_WARN_BLOCK_CAPTURE_AUTORELEASING = YES;
				CLANG_WARN_BOOL_CONVERSION = YES;
				CLANG_WARN_COMMA = YES;
				CLANG_WARN_CONSTANT_CONVERSION = YES;
				CLANG_WARN_DEPRECATED_OBJC_IMPLEMENTATIONS = YES;
				CLANG_WARN_DIRECT_OBJC_ISA_USAGE = YES_ERROR;
				CLANG_WARN_DOCUMENTATION_COMMENTS = YES;
				CLANG_WARN_EMPTY_BODY = YES;
				CLANG_WARN_ENUM_CONVERSION = YES;
				CLANG_WARN_INFINITE_RECURSION = YES;
				CLANG_WARN_INT_CONVERSION = YES;
				CLANG_WARN_NON_LITERAL_NULL_CONVERSION = YES;
				CLANG_WARN_OBJC_IMPLICIT_RETAIN_SELF = YES;
				CLANG_WARN_OBJC_LITERAL_CONVERSION = YES;
				CLANG_WARN_OBJC_ROOT_CLASS = YES_ERROR;
				CLANG_WARN_RANGE_LOOP_ANALYSIS = YES;
				CLANG_WARN_STRICT_PROTOTYPES = YES;
				CLANG_WARN_SUSPICIOUS_MOVE = YES;
				CLANG_WARN_UNGUARDED_AVAILABILITY = YES_AGGRESSIVE;
				CLANG_WARN_UNREACHABLE_CODE = YES;
				CLANG_WARN__DUPLICATE_METHOD_MATCH = YES;
				COPY_PHASE_STRIP = NO;
				DEBUG_INFORMATION_FORMAT = dwarf;
				ENABLE_STRICT_OBJC_MSGSEND = YES;
				ENABLE_TESTABILITY = YES;
				GCC_C_LANGUAGE_STANDARD = gnu11;
				GCC_DYNAMIC_NO_PIC = NO;
				GCC_NO_COMMON_BLOCKS = YES;
				GCC_OPTIMIZATION_LEVEL = 0;
				GCC_PREPROCESSOR_DEFINITIONS = (
					"DEBUG=1",
					"$(inherited)",
				);
				GCC_WARN_64_TO_32_BIT_CONVERSION = YES;
				GCC_WARN_ABOUT_RETURN_TYPE = YES_ERROR;
				GCC_WARN_UNDECLARED_SELECTOR = YES;
				GCC_WARN_UNINITIALIZED_AUTOS = YES_AGGRESSIVE;
				GCC_WARN_UNUSED_FUNCTION = YES;
				GCC_WARN_UNUSED_VARIABLE = YES;
				IPHONEOS_DEPLOYMENT_TARGET = 13.5;
				MTL_ENABLE_DEBUG_INFO = INCLUDE_SOURCE;
				MTL_FAST_MATH = YES;
				ONLY_ACTIVE_ARCH = YES;
				SDKROOT = iphoneos;
				SWIFT_ACTIVE_COMPILATION_CONDITIONS = DEBUG;
				SWIFT_OPTIMIZATION_LEVEL = "-Onone";
			};
			name = Debug;
		};
		8569DE4E2491828000E582E4 /* Release */ = {
			isa = XCBuildConfiguration;
			buildSettings = {
				ALWAYS_SEARCH_USER_PATHS = NO;
				CLANG_ANALYZER_NONNULL = YES;
				CLANG_ANALYZER_NUMBER_OBJECT_CONVERSION = YES_AGGRESSIVE;
				CLANG_CXX_LANGUAGE_STANDARD = "gnu++14";
				CLANG_CXX_LIBRARY = "libc++";
				CLANG_ENABLE_MODULES = YES;
				CLANG_ENABLE_OBJC_ARC = YES;
				CLANG_ENABLE_OBJC_WEAK = YES;
				CLANG_WARN_BLOCK_CAPTURE_AUTORELEASING = YES;
				CLANG_WARN_BOOL_CONVERSION = YES;
				CLANG_WARN_COMMA = YES;
				CLANG_WARN_CONSTANT_CONVERSION = YES;
				CLANG_WARN_DEPRECATED_OBJC_IMPLEMENTATIONS = YES;
				CLANG_WARN_DIRECT_OBJC_ISA_USAGE = YES_ERROR;
				CLANG_WARN_DOCUMENTATION_COMMENTS = YES;
				CLANG_WARN_EMPTY_BODY = YES;
				CLANG_WARN_ENUM_CONVERSION = YES;
				CLANG_WARN_INFINITE_RECURSION = YES;
				CLANG_WARN_INT_CONVERSION = YES;
				CLANG_WARN_NON_LITERAL_NULL_CONVERSION = YES;
				CLANG_WARN_OBJC_IMPLICIT_RETAIN_SELF = YES;
				CLANG_WARN_OBJC_LITERAL_CONVERSION = YES;
				CLANG_WARN_OBJC_ROOT_CLASS = YES_ERROR;
				CLANG_WARN_RANGE_LOOP_ANALYSIS = YES;
				CLANG_WARN_STRICT_PROTOTYPES = YES;
				CLANG_WARN_SUSPICIOUS_MOVE = YES;
				CLANG_WARN_UNGUARDED_AVAILABILITY = YES_AGGRESSIVE;
				CLANG_WARN_UNREACHABLE_CODE = YES;
				CLANG_WARN__DUPLICATE_METHOD_MATCH = YES;
				COPY_PHASE_STRIP = NO;
				DEBUG_INFORMATION_FORMAT = "dwarf-with-dsym";
				ENABLE_NS_ASSERTIONS = NO;
				ENABLE_STRICT_OBJC_MSGSEND = YES;
				GCC_C_LANGUAGE_STANDARD = gnu11;
				GCC_NO_COMMON_BLOCKS = YES;
				GCC_WARN_64_TO_32_BIT_CONVERSION = YES;
				GCC_WARN_ABOUT_RETURN_TYPE = YES_ERROR;
				GCC_WARN_UNDECLARED_SELECTOR = YES;
				GCC_WARN_UNINITIALIZED_AUTOS = YES_AGGRESSIVE;
				GCC_WARN_UNUSED_FUNCTION = YES;
				GCC_WARN_UNUSED_VARIABLE = YES;
				IPHONEOS_DEPLOYMENT_TARGET = 13.5;
				MTL_ENABLE_DEBUG_INFO = NO;
				MTL_FAST_MATH = YES;
				SDKROOT = iphoneos;
				SWIFT_COMPILATION_MODE = wholemodule;
				SWIFT_OPTIMIZATION_LEVEL = "-O";
				VALIDATE_PRODUCT = YES;
			};
			name = Release;
		};
		8569DE502491828000E582E4 /* Debug */ = {
			isa = XCBuildConfiguration;
			baseConfigurationReference = 1F017F8E237F0A6BE8600DBF /* Pods-StarWars.debug.xcconfig */;
			buildSettings = {
				ASSETCATALOG_COMPILER_APPICON_NAME = AppIcon;
				CODE_SIGN_STYLE = Automatic;
				DEVELOPMENT_TEAM = 7787NMD5MX;
				INFOPLIST_FILE = StarWars/Info.plist;
				LD_RUNPATH_SEARCH_PATHS = (
					"$(inherited)",
					"@executable_path/Frameworks",
				);
				PRODUCT_BUNDLE_IDENTIFIER = baronebarbara.StarWars;
				PRODUCT_NAME = "$(TARGET_NAME)";
				SWIFT_VERSION = 5.0;
				TARGETED_DEVICE_FAMILY = "1,2";
			};
			name = Debug;
		};
		8569DE512491828000E582E4 /* Release */ = {
			isa = XCBuildConfiguration;
			baseConfigurationReference = 05285655768B4CF682CA8FEE /* Pods-StarWars.release.xcconfig */;
			buildSettings = {
				ASSETCATALOG_COMPILER_APPICON_NAME = AppIcon;
				CODE_SIGN_STYLE = Automatic;
				DEVELOPMENT_TEAM = 7787NMD5MX;
				INFOPLIST_FILE = StarWars/Info.plist;
				LD_RUNPATH_SEARCH_PATHS = (
					"$(inherited)",
					"@executable_path/Frameworks",
				);
				PRODUCT_BUNDLE_IDENTIFIER = baronebarbara.StarWars;
				PRODUCT_NAME = "$(TARGET_NAME)";
				SWIFT_VERSION = 5.0;
				TARGETED_DEVICE_FAMILY = "1,2";
			};
			name = Release;
		};
/* End XCBuildConfiguration section */

/* Begin XCConfigurationList section */
		8569DE362491827F00E582E4 /* Build configuration list for PBXProject "StarWars" */ = {
			isa = XCConfigurationList;
			buildConfigurations = (
				8569DE4D2491828000E582E4 /* Debug */,
				8569DE4E2491828000E582E4 /* Release */,
			);
			defaultConfigurationIsVisible = 0;
			defaultConfigurationName = Release;
		};
		8569DE4F2491828000E582E4 /* Build configuration list for PBXNativeTarget "StarWars" */ = {
			isa = XCConfigurationList;
			buildConfigurations = (
				8569DE502491828000E582E4 /* Debug */,
				8569DE512491828000E582E4 /* Release */,
			);
			defaultConfigurationIsVisible = 0;
			defaultConfigurationName = Release;
		};
/* End XCConfigurationList section */
	};
	rootObject = 8569DE332491827F00E582E4 /* Project object */;
}
